
Microsoft Visual Studio Solution File, Format Version 12.00
# Visual Studio Version 17
VisualStudioVersion = 17.5.33424.131
MinimumVisualStudioVersion = 10.0.40219.1
Project("{FAE04EC0-301F-11D3-BF4B-00C04F79EFBC}") = "apate", "apate\apate.csproj", "{4C91FCD7-6827-42E9-AC19-377295463762}"
EndProject
Global
	GlobalSection(SolutionConfigurationPlatforms) = preSolution
		Debug|Any CPU = Debug|Any CPU
		Release|Any CPU = Release|Any CPU
	EndGlobalSection
	GlobalSection(ProjectConfigurationPlatforms) = postSolution
		{4C91FCD7-6827-42E9-AC19-377295463762}.Debug|Any CPU.ActiveCfg = Debug|Any CPU
		{4C91FCD7-6827-42E9-AC19-377295463762}.Debug|Any CPU.Build.0 = Debug|Any CPU
		{4C91FCD7-6827-42E9-AC19-377295463762}.Release|Any CPU.ActiveCfg = Release|Any CPU
		{4C91FCD7-6827-42E9-AC19-377295463762}.Release|Any CPU.Build.0 = Release|Any CPU
	EndGlobalSection
	GlobalSection(SolutionProperties) = preSolution
		HideSolutionNode = FALSE
	EndGlobalSection
	GlobalSection(ExtensibilityGlobals) = postSolution
		SolutionGuid = {73FD4E08-CABC-4233-B7A2-23B98BA9577C}
	EndGlobalSection
EndGlobal
